
Microsoft Visual Studio Solution File, Format Version 12.00
# Visual Studio Version 17
VisualStudioVersion = 17.2.32616.157
MinimumVisualStudioVersion = 10.0.40219.1
Project("{8BC9CEB8-8B4A-11D0-8D11-00A0C91BC942}") = "imguiPlayGround", "imguiPlayGround\imguiPlayGround.vcxproj", "{0275550D-BD87-43F8-8446-331989FAFBFC}"
EndProject
Global
	GlobalSection(SolutionConfigurationPlatforms) = preSolution
		Debug|x64 = Debug|x64
		Debug|x86 = Debug|x86
		Release|x64 = Release|x64
		Release|x86 = Release|x86
	EndGlobalSection
	GlobalSection(ProjectConfigurationPlatforms) = postSolution
		{0275550D-BD87-43F8-8446-331989FAFBFC}.Debug|x64.ActiveCfg = Debug|x64
		{0275550D-BD87-43F8-8446-331989FAFBFC}.Debug|x64.Build.0 = Debug|x64
		{0275550D-BD87-43F8-8446-331989FAFBFC}.Debug|x86.ActiveCfg = Debug|Win32
		{0275550D-BD87-43F8-8446-331989FAFBFC}.Debug|x86.Build.0 = Debug|Win32
		{0275550D-BD87-43F8-8446-331989FAFBFC}.Release|x64.ActiveCfg = Release|x64
		{0275550D-BD87-43F8-8446-331989FAFBFC}.Release|x64.Build.0 = Release|x64
		{0275550D-BD87-43F8-8446-331989FAFBFC}.Release|x86.ActiveCfg = Release|Win32
		{0275550D-BD87-43F8-8446-331989FAFBFC}.Release|x86.Build.0 = Release|Win32
	EndGlobalSection
	GlobalSection(SolutionProperties) = preSolution
		HideSolutionNode = FALSE
	EndGlobalSection
	GlobalSection(ExtensibilityGlobals) = postSolution
		SolutionGuid = {1D1CDB4C-F51F-4609-9FE3-42461A9C0EC7}
	EndGlobalSection
EndGlobal
